
Microsoft Visual Studio Solution File, Format Version 12.00
# Visual Studio Version 17
VisualStudioVersion = 17.9.34723.18
MinimumVisualStudioVersion = 10.0.40219.1
Project("{FAE04EC0-301F-11D3-BF4B-00C04F79EFBC}") = "SecretSport", "SecretSport.csproj", "{65BEF285-54F7-4125-822E-028620289985}"
EndProject
Global
	GlobalSection(SolutionConfigurationPlatforms) = preSolution
		Debug|Any CPU = Debug|Any CPU
		Release|Any CPU = Release|Any CPU
	EndGlobalSection
	GlobalSection(ProjectConfigurationPlatforms) = postSolution
		{65BEF285-54F7-4125-822E-028620289985}.Debug|Any CPU.ActiveCfg = Debug|Any CPU
		{65BEF285-54F7-4125-822E-028620289985}.Debug|Any CPU.Build.0 = Debug|Any CPU
		{65BEF285-54F7-4125-822E-028620289985}.Release|Any CPU.ActiveCfg = Release|Any CPU
		{65BEF285-54F7-4125-822E-028620289985}.Release|Any CPU.Build.0 = Release|Any CPU
	EndGlobalSection
	GlobalSection(SolutionProperties) = preSolution
		HideSolutionNode = FALSE
	EndGlobalSection
	GlobalSection(ExtensibilityGlobals) = postSolution
		SolutionGuid = {2C01D804-4987-403C-9B1C-D649F5045450}
	EndGlobalSection
EndGlobal
